
Microsoft Visual Studio Solution File, Format Version 12.00
# Visual Studio Version 17
VisualStudioVersion = 17.13.35806.99 d17.13
MinimumVisualStudioVersion = 10.0.40219.1
Project("{FAE04EC0-301F-11D3-BF4B-00C04F79EFBC}") = "Bank", "Bank\Bank.csproj", "{397DEDC1-F2C9-4CB5-8D1A-B175C2EE72EC}"
EndProject
Global
	GlobalSection(SolutionConfigurationPlatforms) = preSolution
		Debug|Any CPU = Debug|Any CPU
		Release|Any CPU = Release|Any CPU
	EndGlobalSection
	GlobalSection(ProjectConfigurationPlatforms) = postSolution
		{397DEDC1-F2C9-4CB5-8D1A-B175C2EE72EC}.Debug|Any CPU.ActiveCfg = Debug|Any CPU
		{397DEDC1-F2C9-4CB5-8D1A-B175C2EE72EC}.Debug|Any CPU.Build.0 = Debug|Any CPU
		{397DEDC1-F2C9-4CB5-8D1A-B175C2EE72EC}.Release|Any CPU.ActiveCfg = Release|Any CPU
		{397DEDC1-F2C9-4CB5-8D1A-B175C2EE72EC}.Release|Any CPU.Build.0 = Release|Any CPU
	EndGlobalSection
	GlobalSection(SolutionProperties) = preSolution
		HideSolutionNode = FALSE
	EndGlobalSection
	GlobalSection(ExtensibilityGlobals) = postSolution
		SolutionGuid = {447D0ED6-C39F-4375-870F-96FB195A51E0}
	EndGlobalSection
EndGlobal
